// !$*UTF8*$!
{
	archiveVersion = 1;
	classes = {
	};
	objectVersion = 55;
	objects = {

/* Begin PBXBuildFile section */
		3402826EA9B9DC159052D9C4 /* Pods_MyBills.framework in Frameworks */ = {isa = PBXBuildFile; fileRef = F1602778314D15C3B8995073 /* Pods_MyBills.framework */; };
		AC14F74D288DB4D80092D285 /* GoogleService-Info.plist in Resources */ = {isa = PBXBuildFile; fileRef = AC14F74C288DB4D80092D285 /* GoogleService-Info.plist */; };
		AC14F74F288DB55C0092D285 /* MyViewController.swift in Sources */ = {isa = PBXBuildFile; fileRef = AC14F74E288DB55C0092D285 /* MyViewController.swift */; };
		AC460ABF288480FD00EA55D2 /* SignUpVC.swift in Sources */ = {isa = PBXBuildFile; fileRef = AC460ABD288480FD00EA55D2 /* SignUpVC.swift */; };
		AC460AC0288480FD00EA55D2 /* SignUpVC.xib in Resources */ = {isa = PBXBuildFile; fileRef = AC460ABE288480FD00EA55D2 /* SignUpVC.xib */; };
		AC460AC328848A5B00EA55D2 /* MyLabel.swift in Sources */ = {isa = PBXBuildFile; fileRef = AC460AC228848A5B00EA55D2 /* MyLabel.swift */; };
		AC460AC628848F8800EA55D2 /* BaseVC.swift in Sources */ = {isa = PBXBuildFile; fileRef = AC460AC528848F8800EA55D2 /* BaseVC.swift */; };
		AC460AC928849C8200EA55D2 /* Enums.swift in Sources */ = {isa = PBXBuildFile; fileRef = AC460AC828849C8200EA55D2 /* Enums.swift */; };
		AC460ACD28849F4700EA55D2 /* HomeVC.swift in Sources */ = {isa = PBXBuildFile; fileRef = AC460ACB28849F4700EA55D2 /* HomeVC.swift */; };
		AC460ACE28849F4700EA55D2 /* HomeVC.xib in Resources */ = {isa = PBXBuildFile; fileRef = AC460ACC28849F4700EA55D2 /* HomeVC.xib */; };
		AC460AD12884C53400EA55D2 /* HomeCell.swift in Sources */ = {isa = PBXBuildFile; fileRef = AC460ACF2884C53400EA55D2 /* HomeCell.swift */; };
		AC460AD22884C53400EA55D2 /* HomeCell.xib in Resources */ = {isa = PBXBuildFile; fileRef = AC460AD02884C53400EA55D2 /* HomeCell.xib */; };
		AC460AD62884D0E500EA55D2 /* FilterVC.swift in Sources */ = {isa = PBXBuildFile; fileRef = AC460AD42884D0E500EA55D2 /* FilterVC.swift */; };
		AC460AD72884D0E500EA55D2 /* FilterVC.xib in Resources */ = {isa = PBXBuildFile; fileRef = AC460AD52884D0E500EA55D2 /* FilterVC.xib */; };
		AC460AD92884D4C900EA55D2 /* DatePickerViewController.swift in Sources */ = {isa = PBXBuildFile; fileRef = AC460AD82884D4C900EA55D2 /* DatePickerViewController.swift */; };
		AC460ADB2884D5A200EA55D2 /* Util.swift in Sources */ = {isa = PBXBuildFile; fileRef = AC460ADA2884D5A200EA55D2 /* Util.swift */; };
		AC460ADD2884DA7F00EA55D2 /* MyDate.swift in Sources */ = {isa = PBXBuildFile; fileRef = AC460ADC2884DA7F00EA55D2 /* MyDate.swift */; };
		AC460AE12884DFFB00EA55D2 /* HomeDetailVC.swift in Sources */ = {isa = PBXBuildFile; fileRef = AC460ADF2884DFFB00EA55D2 /* HomeDetailVC.swift */; };
		AC460AE22884DFFB00EA55D2 /* HomeDetailVC.xib in Resources */ = {isa = PBXBuildFile; fileRef = AC460AE02884DFFB00EA55D2 /* HomeDetailVC.xib */; };
		AC460AE628864C8900EA55D2 /* SettingsVC.swift in Sources */ = {isa = PBXBuildFile; fileRef = AC460AE428864C8900EA55D2 /* SettingsVC.swift */; };
		AC460AE728864C8900EA55D2 /* SettingsVC.xib in Resources */ = {isa = PBXBuildFile; fileRef = AC460AE528864C8900EA55D2 /* SettingsVC.xib */; };
		AC460AEA28864DA400EA55D2 /* SettingsCell.swift in Sources */ = {isa = PBXBuildFile; fileRef = AC460AE828864DA400EA55D2 /* SettingsCell.swift */; };
		AC460AEB28864DA400EA55D2 /* SettingsCell.xib in Resources */ = {isa = PBXBuildFile; fileRef = AC460AE928864DA400EA55D2 /* SettingsCell.xib */; };
		AC460AEF2887B61F00EA55D2 /* ChangePasswordVC.swift in Sources */ = {isa = PBXBuildFile; fileRef = AC460AED2887B61F00EA55D2 /* ChangePasswordVC.swift */; };
		AC460AF02887B61F00EA55D2 /* ChangePasswordVC.xib in Resources */ = {isa = PBXBuildFile; fileRef = AC460AEE2887B61F00EA55D2 /* ChangePasswordVC.xib */; };
		AC460AF42887BBEB00EA55D2 /* AddItemVC.swift in Sources */ = {isa = PBXBuildFile; fileRef = AC460AF22887BBEB00EA55D2 /* AddItemVC.swift */; };
		AC460AF52887BBEB00EA55D2 /* AddItemVC.xib in Resources */ = {isa = PBXBuildFile; fileRef = AC460AF32887BBEB00EA55D2 /* AddItemVC.xib */; };
		AC55D3BF28821C20000CF810 /* AppDelegate.swift in Sources */ = {isa = PBXBuildFile; fileRef = AC55D3BE28821C20000CF810 /* AppDelegate.swift */; };
		AC55D3C128821C20000CF810 /* SceneDelegate.swift in Sources */ = {isa = PBXBuildFile; fileRef = AC55D3C028821C20000CF810 /* SceneDelegate.swift */; };
		AC55D3C328821C20000CF810 /* ViewController.swift in Sources */ = {isa = PBXBuildFile; fileRef = AC55D3C228821C20000CF810 /* ViewController.swift */; };
		AC55D3C628821C20000CF810 /* Main.storyboard in Resources */ = {isa = PBXBuildFile; fileRef = AC55D3C428821C20000CF810 /* Main.storyboard */; };
		AC55D3C828821C23000CF810 /* Assets.xcassets in Resources */ = {isa = PBXBuildFile; fileRef = AC55D3C728821C23000CF810 /* Assets.xcassets */; };
		AC55D3CB28821C23000CF810 /* LaunchScreen.storyboard in Resources */ = {isa = PBXBuildFile; fileRef = AC55D3C928821C23000CF810 /* LaunchScreen.storyboard */; };
		AC55D3D828846D10000CF810 /* LoginVC.swift in Sources */ = {isa = PBXBuildFile; fileRef = AC55D3D728846D10000CF810 /* LoginVC.swift */; };
		AC55D3DC28846EE1000CF810 /* MyTextfield.swift in Sources */ = {isa = PBXBuildFile; fileRef = AC55D3DB28846EE1000CF810 /* MyTextfield.swift */; };
		AC55D3DF288473C9000CF810 /* Poppins-Black.ttf in Resources */ = {isa = PBXBuildFile; fileRef = AC55D3DE288473C9000CF810 /* Poppins-Black.ttf */; };
		AC55D3E12884742E000CF810 /* Poppins-Bold.ttf in Resources */ = {isa = PBXBuildFile; fileRef = AC55D3E02884742E000CF810 /* Poppins-Bold.ttf */; };
		AC55D3E328847533000CF810 /* MyFont.swift in Sources */ = {isa = PBXBuildFile; fileRef = AC55D3E228847533000CF810 /* MyFont.swift */; };
		AC55D3F42884758D000CF810 /* Poppins-Italic.ttf in Resources */ = {isa = PBXBuildFile; fileRef = AC55D3E42884758D000CF810 /* Poppins-Italic.ttf */; };
		AC55D3F52884758D000CF810 /* Poppins-ExtraBoldItalic.ttf in Resources */ = {isa = PBXBuildFile; fileRef = AC55D3E52884758D000CF810 /* Poppins-ExtraBoldItalic.ttf */; };
		AC55D3F62884758D000CF810 /* Poppins-Regular.ttf in Resources */ = {isa = PBXBuildFile; fileRef = AC55D3E62884758D000CF810 /* Poppins-Regular.ttf */; };
		AC55D3F72884758D000CF810 /* Poppins-ExtraBold.ttf in Resources */ = {isa = PBXBuildFile; fileRef = AC55D3E72884758D000CF810 /* Poppins-ExtraBold.ttf */; };
		AC55D3F82884758D000CF810 /* Poppins-MediumItalic.ttf in Resources */ = {isa = PBXBuildFile; fileRef = AC55D3E82884758D000CF810 /* Poppins-MediumItalic.ttf */; };
		AC55D3F92884758D000CF810 /* Poppins-Medium.ttf in Resources */ = {isa = PBXBuildFile; fileRef = AC55D3E92884758D000CF810 /* Poppins-Medium.ttf */; };
		AC55D3FA2884758D000CF810 /* Poppins-LightItalic.ttf in Resources */ = {isa = PBXBuildFile; fileRef = AC55D3EA2884758D000CF810 /* Poppins-LightItalic.ttf */; };
		AC55D3FB2884758D000CF810 /* Poppins-ExtraLightItalic.ttf in Resources */ = {isa = PBXBuildFile; fileRef = AC55D3EB2884758D000CF810 /* Poppins-ExtraLightItalic.ttf */; };
		AC55D3FC2884758D000CF810 /* Poppins-SemiBold.ttf in Resources */ = {isa = PBXBuildFile; fileRef = AC55D3EC2884758D000CF810 /* Poppins-SemiBold.ttf */; };
		AC55D3FD2884758D000CF810 /* Poppins-Thin.ttf in Resources */ = {isa = PBXBuildFile; fileRef = AC55D3ED2884758D000CF810 /* Poppins-Thin.ttf */; };
		AC55D3FE2884758D000CF810 /* Poppins-ThinItalic.ttf in Resources */ = {isa = PBXBuildFile; fileRef = AC55D3EE2884758D000CF810 /* Poppins-ThinItalic.ttf */; };
		AC55D3FF2884758D000CF810 /* Poppins-ExtraLight.ttf in Resources */ = {isa = PBXBuildFile; fileRef = AC55D3EF2884758D000CF810 /* Poppins-ExtraLight.ttf */; };
		AC55D4002884758D000CF810 /* Poppins-Light.ttf in Resources */ = {isa = PBXBuildFile; fileRef = AC55D3F02884758D000CF810 /* Poppins-Light.ttf */; };
		AC55D4012884758D000CF810 /* Poppins-BoldItalic.ttf in Resources */ = {isa = PBXBuildFile; fileRef = AC55D3F12884758D000CF810 /* Poppins-BoldItalic.ttf */; };
		AC55D4022884758D000CF810 /* Poppins-SemiBoldItalic.ttf in Resources */ = {isa = PBXBuildFile; fileRef = AC55D3F22884758D000CF810 /* Poppins-SemiBoldItalic.ttf */; };
		AC55D4032884758D000CF810 /* Poppins-BlackItalic.ttf in Resources */ = {isa = PBXBuildFile; fileRef = AC55D3F32884758D000CF810 /* Poppins-BlackItalic.ttf */; };
		AC55D4062884777C000CF810 /* ColorAssets.xcassets in Resources */ = {isa = PBXBuildFile; fileRef = AC55D4052884777C000CF810 /* ColorAssets.xcassets */; };
		AC55D408288477F9000CF810 /* MyColor.swift in Sources */ = {isa = PBXBuildFile; fileRef = AC55D407288477F9000CF810 /* MyColor.swift */; };
		AC55D40C28847916000CF810 /* Localizable.strings in Resources */ = {isa = PBXBuildFile; fileRef = AC55D40E28847916000CF810 /* Localizable.strings */; };
		AC55D41028847967000CF810 /* MyString.swift in Sources */ = {isa = PBXBuildFile; fileRef = AC55D40F28847967000CF810 /* MyString.swift */; };
		AC55D412288479FB000CF810 /* MyButton.swift in Sources */ = {isa = PBXBuildFile; fileRef = AC55D411288479FB000CF810 /* MyButton.swift */; };
		AC6EF5F1288DC4BC0007491A /* MyFirebaseDataStore.swift in Sources */ = {isa = PBXBuildFile; fileRef = AC6EF5F0288DC4BC0007491A /* MyFirebaseDataStore.swift */; };
		ACA3DEAA28892A88008FD96B /* ExpiryAlertVC.swift in Sources */ = {isa = PBXBuildFile; fileRef = ACA3DEA828892A88008FD96B /* ExpiryAlertVC.swift */; };
		ACA3DEAB28892A88008FD96B /* ExpiryAlertVC.xib in Resources */ = {isa = PBXBuildFile; fileRef = ACA3DEA928892A88008FD96B /* ExpiryAlertVC.xib */; };
		ACB11306288DF76700216B0C /* CategoryVC.swift in Sources */ = {isa = PBXBuildFile; fileRef = ACB11304288DF76700216B0C /* CategoryVC.swift */; };
		ACB11307288DF76700216B0C /* CategoryVC.xib in Resources */ = {isa = PBXBuildFile; fileRef = ACB11305288DF76700216B0C /* CategoryVC.xib */; };
		ACB1130A288DF89400216B0C /* CategoryCell.swift in Sources */ = {isa = PBXBuildFile; fileRef = ACB11308288DF89400216B0C /* CategoryCell.swift */; };
		ACB1130B288DF89400216B0C /* CategoryCell.xib in Resources */ = {isa = PBXBuildFile; fileRef = ACB11309288DF89400216B0C /* CategoryCell.xib */; };
		ACE44E78288DB6B80058C647 /* Constant.swift in Sources */ = {isa = PBXBuildFile; fileRef = ACE44E77288DB6B80058C647 /* Constant.swift */; };
		ACE44E7B288DB73C0058C647 /* MyFirebaseAuth.swift in Sources */ = {isa = PBXBuildFile; fileRef = ACE44E7A288DB73C0058C647 /* MyFirebaseAuth.swift */; };
/* End PBXBuildFile section */

/* Begin PBXFileReference section */
		737DD5114A3261D822FD4270 /* Pods-MyBills.release.xcconfig */ = {isa = PBXFileReference; includeInIndex = 1; lastKnownFileType = text.xcconfig; name = "Pods-MyBills.release.xcconfig"; path = "Target Support Files/Pods-MyBills/Pods-MyBills.release.xcconfig"; sourceTree = "<group>"; };
		83A7E1ECA480BCDA4FCE559F /* Pods-MyBills.debug.xcconfig */ = {isa = PBXFileReference; includeInIndex = 1; lastKnownFileType = text.xcconfig; name = "Pods-MyBills.debug.xcconfig"; path = "Target Support Files/Pods-MyBills/Pods-MyBills.debug.xcconfig"; sourceTree = "<group>"; };
		AC14F74C288DB4D80092D285 /* GoogleService-Info.plist */ = {isa = PBXFileReference; fileEncoding = 4; lastKnownFileType = text.plist.xml; path = "GoogleService-Info.plist"; sourceTree = "<group>"; };
		AC14F74E288DB55C0092D285 /* MyViewController.swift */ = {isa = PBXFileReference; lastKnownFileType = sourcecode.swift; path = MyViewController.swift; sourceTree = "<group>"; };
		AC460ABD288480FD00EA55D2 /* SignUpVC.swift */ = {isa = PBXFileReference; lastKnownFileType = sourcecode.swift; path = SignUpVC.swift; sourceTree = "<group>"; };
		AC460ABE288480FD00EA55D2 /* SignUpVC.xib */ = {isa = PBXFileReference; lastKnownFileType = file.xib; path = SignUpVC.xib; sourceTree = "<group>"; };
		AC460AC228848A5B00EA55D2 /* MyLabel.swift */ = {isa = PBXFileReference; lastKnownFileType = sourcecode.swift; path = MyLabel.swift; sourceTree = "<group>"; };
		AC460AC528848F8800EA55D2 /* BaseVC.swift */ = {isa = PBXFileReference; lastKnownFileType = sourcecode.swift; path = BaseVC.swift; sourceTree = "<group>"; };
		AC460AC828849C8200EA55D2 /* Enums.swift */ = {isa = PBXFileReference; lastKnownFileType = sourcecode.swift; path = Enums.swift; sourceTree = "<group>"; };
		AC460ACB28849F4700EA55D2 /* HomeVC.swift */ = {isa = PBXFileReference; lastKnownFileType = sourcecode.swift; path = HomeVC.swift; sourceTree = "<group>"; };
		AC460ACC28849F4700EA55D2 /* HomeVC.xib */ = {isa = PBXFileReference; lastKnownFileType = file.xib; path = HomeVC.xib; sourceTree = "<group>"; };
		AC460ACF2884C53400EA55D2 /* HomeCell.swift */ = {isa = PBXFileReference; lastKnownFileType = sourcecode.swift; path = HomeCell.swift; sourceTree = "<group>"; };
		AC460AD02884C53400EA55D2 /* HomeCell.xib */ = {isa = PBXFileReference; lastKnownFileType = file.xib; path = HomeCell.xib; sourceTree = "<group>"; };
		AC460AD42884D0E500EA55D2 /* FilterVC.swift */ = {isa = PBXFileReference; lastKnownFileType = sourcecode.swift; path = FilterVC.swift; sourceTree = "<group>"; };
		AC460AD52884D0E500EA55D2 /* FilterVC.xib */ = {isa = PBXFileReference; lastKnownFileType = file.xib; path = FilterVC.xib; sourceTree = "<group>"; };
		AC460AD82884D4C900EA55D2 /* DatePickerViewController.swift */ = {isa = PBXFileReference; fileEncoding = 4; lastKnownFileType = sourcecode.swift; path = DatePickerViewController.swift; sourceTree = "<group>"; };
		AC460ADA2884D5A200EA55D2 /* Util.swift */ = {isa = PBXFileReference; lastKnownFileType = sourcecode.swift; path = Util.swift; sourceTree = "<group>"; };
		AC460ADC2884DA7F00EA55D2 /* MyDate.swift */ = {isa = PBXFileReference; lastKnownFileType = sourcecode.swift; path = MyDate.swift; sourceTree = "<group>"; };
		AC460ADF2884DFFB00EA55D2 /* HomeDetailVC.swift */ = {isa = PBXFileReference; lastKnownFileType = sourcecode.swift; path = HomeDetailVC.swift; sourceTree = "<group>"; };
		AC460AE02884DFFB00EA55D2 /* HomeDetailVC.xib */ = {isa = PBXFileReference; lastKnownFileType = file.xib; path = HomeDetailVC.xib; sourceTree = "<group>"; };
		AC460AE428864C8900EA55D2 /* SettingsVC.swift */ = {isa = PBXFileReference; lastKnownFileType = sourcecode.swift; path = SettingsVC.swift; sourceTree = "<group>"; };
		AC460AE528864C8900EA55D2 /* SettingsVC.xib */ = {isa = PBXFileReference; lastKnownFileType = file.xib; path = SettingsVC.xib; sourceTree = "<group>"; };
		AC460AE828864DA400EA55D2 /* SettingsCell.swift */ = {isa = PBXFileReference; lastKnownFileType = sourcecode.swift; path = SettingsCell.swift; sourceTree = "<group>"; };
		AC460AE928864DA400EA55D2 /* SettingsCell.xib */ = {isa = PBXFileReference; lastKnownFileType = file.xib; path = SettingsCell.xib; sourceTree = "<group>"; };
		AC460AED2887B61F00EA55D2 /* ChangePasswordVC.swift */ = {isa = PBXFileReference; lastKnownFileType = sourcecode.swift; path = ChangePasswordVC.swift; sourceTree = "<group>"; };
		AC460AEE2887B61F00EA55D2 /* ChangePasswordVC.xib */ = {isa = PBXFileReference; lastKnownFileType = file.xib; path = ChangePasswordVC.xib; sourceTree = "<group>"; };
		AC460AF22887BBEB00EA55D2 /* AddItemVC.swift */ = {isa = PBXFileReference; lastKnownFileType = sourcecode.swift; path = AddItemVC.swift; sourceTree = "<group>"; };
		AC460AF32887BBEB00EA55D2 /* AddItemVC.xib */ = {isa = PBXFileReference; lastKnownFileType = file.xib; path = AddItemVC.xib; sourceTree = "<group>"; };
		AC55D3BB28821C20000CF810 /* MyBills.app */ = {isa = PBXFileReference; explicitFileType = wrapper.application; includeInIndex = 0; path = MyBills.app; sourceTree = BUILT_PRODUCTS_DIR; };
		AC55D3BE28821C20000CF810 /* AppDelegate.swift */ = {isa = PBXFileReference; lastKnownFileType = sourcecode.swift; path = AppDelegate.swift; sourceTree = "<group>"; };
		AC55D3C028821C20000CF810 /* SceneDelegate.swift */ = {isa = PBXFileReference; lastKnownFileType = sourcecode.swift; path = SceneDelegate.swift; sourceTree = "<group>"; };
		AC55D3C228821C20000CF810 /* ViewController.swift */ = {isa = PBXFileReference; lastKnownFileType = sourcecode.swift; path = ViewController.swift; sourceTree = "<group>"; };
		AC55D3C528821C20000CF810 /* Base */ = {isa = PBXFileReference; lastKnownFileType = file.storyboard; name = Base; path = Base.lproj/Main.storyboard; sourceTree = "<group>"; };
		AC55D3C728821C23000CF810 /* Assets.xcassets */ = {isa = PBXFileReference; lastKnownFileType = folder.assetcatalog; path = Assets.xcassets; sourceTree = "<group>"; };
		AC55D3CA28821C23000CF810 /* Base */ = {isa = PBXFileReference; lastKnownFileType = file.storyboard; name = Base; path = Base.lproj/LaunchScreen.storyboard; sourceTree = "<group>"; };
		AC55D3CC28821C23000CF810 /* Info.plist */ = {isa = PBXFileReference; lastKnownFileType = text.plist.xml; path = Info.plist; sourceTree = "<group>"; };
		AC55D3D728846D10000CF810 /* LoginVC.swift */ = {isa = PBXFileReference; lastKnownFileType = sourcecode.swift; path = LoginVC.swift; sourceTree = "<group>"; };
		AC55D3DB28846EE1000CF810 /* MyTextfield.swift */ = {isa = PBXFileReference; lastKnownFileType = sourcecode.swift; path = MyTextfield.swift; sourceTree = "<group>"; };
		AC55D3DE288473C9000CF810 /* Poppins-Black.ttf */ = {isa = PBXFileReference; lastKnownFileType = file; path = "Poppins-Black.ttf"; sourceTree = "<group>"; };
		AC55D3E02884742E000CF810 /* Poppins-Bold.ttf */ = {isa = PBXFileReference; lastKnownFileType = file; path = "Poppins-Bold.ttf"; sourceTree = "<group>"; };
		AC55D3E228847533000CF810 /* MyFont.swift */ = {isa = PBXFileReference; lastKnownFileType = sourcecode.swift; path = MyFont.swift; sourceTree = "<group>"; };
		AC55D3E42884758D000CF810 /* Poppins-Italic.ttf */ = {isa = PBXFileReference; lastKnownFileType = file; path = "Poppins-Italic.ttf"; sourceTree = "<group>"; };
		AC55D3E52884758D000CF810 /* Poppins-ExtraBoldItalic.ttf */ = {isa = PBXFileReference; lastKnownFileType = file; path = "Poppins-ExtraBoldItalic.ttf"; sourceTree = "<group>"; };
		AC55D3E62884758D000CF810 /* Poppins-Regular.ttf */ = {isa = PBXFileReference; lastKnownFileType = file; path = "Poppins-Regular.ttf"; sourceTree = "<group>"; };
		AC55D3E72884758D000CF810 /* Poppins-ExtraBold.ttf */ = {isa = PBXFileReference; lastKnownFileType = file; path = "Poppins-ExtraBold.ttf"; sourceTree = "<group>"; };
		AC55D3E82884758D000CF810 /* Poppins-MediumItalic.ttf */ = {isa = PBXFileReference; lastKnownFileType = file; path = "Poppins-MediumItalic.ttf"; sourceTree = "<group>"; };
		AC55D3E92884758D000CF810 /* Poppins-Medium.ttf */ = {isa = PBXFileReference; lastKnownFileType = file; path = "Poppins-Medium.ttf"; sourceTree = "<group>"; };
		AC55D3EA2884758D000CF810 /* Poppins-LightItalic.ttf */ = {isa = PBXFileReference; lastKnownFileType = file; path = "Poppins-LightItalic.ttf"; sourceTree = "<group>"; };
		AC55D3EB2884758D000CF810 /* Poppins-ExtraLightItalic.ttf */ = {isa = PBXFileReference; lastKnownFileType = file; path = "Poppins-ExtraLightItalic.ttf"; sourceTree = "<group>"; };
		AC55D3EC2884758D000CF810 /* Poppins-SemiBold.ttf */ = {isa = PBXFileReference; lastKnownFileType = file; path = "Poppins-SemiBold.ttf"; sourceTree = "<group>"; };
		AC55D3ED2884758D000CF810 /* Poppins-Thin.ttf */ = {isa = PBXFileReference; lastKnownFileType = file; path = "Poppins-Thin.ttf"; sourceTree = "<group>"; };
		AC55D3EE2884758D000CF810 /* Poppins-ThinItalic.ttf */ = {isa = PBXFileReference; lastKnownFileType = file; path = "Poppins-ThinItalic.ttf"; sourceTree = "<group>"; };
		AC55D3EF2884758D000CF810 /* Poppins-ExtraLight.ttf */ = {isa = PBXFileReference; lastKnownFileType = file; path = "Poppins-ExtraLight.ttf"; sourceTree = "<group>"; };
		AC55D3F02884758D000CF810 /* Poppins-Light.ttf */ = {isa = PBXFileReference; lastKnownFileType = file; path = "Poppins-Light.ttf"; sourceTree = "<group>"; };
		AC55D3F12884758D000CF810 /* Poppins-BoldItalic.ttf */ = {isa = PBXFileReference; lastKnownFileType = file; path = "Poppins-BoldItalic.ttf"; sourceTree = "<group>"; };
		AC55D3F22884758D000CF810 /* Poppins-SemiBoldItalic.ttf */ = {isa = PBXFileReference; lastKnownFileType = file; path = "Poppins-SemiBoldItalic.ttf"; sourceTree = "<group>"; };
		AC55D3F32884758D000CF810 /* Poppins-BlackItalic.ttf */ = {isa = PBXFileReference; lastKnownFileType = file; path = "Poppins-BlackItalic.ttf"; sourceTree = "<group>"; };
		AC55D4052884777C000CF810 /* ColorAssets.xcassets */ = {isa = PBXFileReference; lastKnownFileType = folder.assetcatalog; path = ColorAssets.xcassets; sourceTree = "<group>"; };
		AC55D407288477F9000CF810 /* MyColor.swift */ = {isa = PBXFileReference; lastKnownFileType = sourcecode.swift; path = MyColor.swift; sourceTree = "<group>"; };
		AC55D40D28847916000CF810 /* en */ = {isa = PBXFileReference; lastKnownFileType = text.plist.strings; name = en; path = en.lproj/Localizable.strings; sourceTree = "<group>"; };
		AC55D40F28847967000CF810 /* MyString.swift */ = {isa = PBXFileReference; lastKnownFileType = sourcecode.swift; path = MyString.swift; sourceTree = "<group>"; };
		AC55D411288479FB000CF810 /* MyButton.swift */ = {isa = PBXFileReference; lastKnownFileType = sourcecode.swift; path = MyButton.swift; sourceTree = "<group>"; };
		AC6EF5F0288DC4BC0007491A /* MyFirebaseDataStore.swift */ = {isa = PBXFileReference; lastKnownFileType = sourcecode.swift; path = MyFirebaseDataStore.swift; sourceTree = "<group>"; };
		ACA3DEA828892A88008FD96B /* ExpiryAlertVC.swift */ = {isa = PBXFileReference; lastKnownFileType = sourcecode.swift; path = ExpiryAlertVC.swift; sourceTree = "<group>"; };
		ACA3DEA928892A88008FD96B /* ExpiryAlertVC.xib */ = {isa = PBXFileReference; lastKnownFileType = file.xib; path = ExpiryAlertVC.xib; sourceTree = "<group>"; };
		ACB11304288DF76700216B0C /* CategoryVC.swift */ = {isa = PBXFileReference; lastKnownFileType = sourcecode.swift; path = CategoryVC.swift; sourceTree = "<group>"; };
		ACB11305288DF76700216B0C /* CategoryVC.xib */ = {isa = PBXFileReference; lastKnownFileType = file.xib; path = CategoryVC.xib; sourceTree = "<group>"; };
		ACB11308288DF89400216B0C /* CategoryCell.swift */ = {isa = PBXFileReference; lastKnownFileType = sourcecode.swift; path = CategoryCell.swift; sourceTree = "<group>"; };
		ACB11309288DF89400216B0C /* CategoryCell.xib */ = {isa = PBXFileReference; lastKnownFileType = file.xib; path = CategoryCell.xib; sourceTree = "<group>"; };
		ACE44E77288DB6B80058C647 /* Constant.swift */ = {isa = PBXFileReference; lastKnownFileType = sourcecode.swift; path = Constant.swift; sourceTree = "<group>"; };
		ACE44E7A288DB73C0058C647 /* MyFirebaseAuth.swift */ = {isa = PBXFileReference; lastKnownFileType = sourcecode.swift; path = MyFirebaseAuth.swift; sourceTree = "<group>"; };
		F1602778314D15C3B8995073 /* Pods_MyBills.framework */ = {isa = PBXFileReference; explicitFileType = wrapper.framework; includeInIndex = 0; path = Pods_MyBills.framework; sourceTree = BUILT_PRODUCTS_DIR; };
/* End PBXFileReference section */

/* Begin PBXFrameworksBuildPhase section */
		AC55D3B828821C20000CF810 /* Frameworks */ = {
			isa = PBXFrameworksBuildPhase;
			buildActionMask = 2147483647;
			files = (
				3402826EA9B9DC159052D9C4 /* Pods_MyBills.framework in Frameworks */,
			);
			runOnlyForDeploymentPostprocessing = 0;
		};
/* End PBXFrameworksBuildPhase section */

/* Begin PBXGroup section */
		AC460AC12884869100EA55D2 /* Signup */ = {
			isa = PBXGroup;
			children = (
				AC460ABD288480FD00EA55D2 /* SignUpVC.swift */,
				AC460ABE288480FD00EA55D2 /* SignUpVC.xib */,
			);
			path = Signup;
			sourceTree = "<group>";
		};
		AC460AC428848F7A00EA55D2 /* Base */ = {
			isa = PBXGroup;
			children = (
				AC460AC528848F8800EA55D2 /* BaseVC.swift */,
			);
			path = Base;
			sourceTree = "<group>";
		};
		AC460AC728849C7700EA55D2 /* General */ = {
			isa = PBXGroup;
			children = (
				AC460AD82884D4C900EA55D2 /* DatePickerViewController.swift */,
				AC460AC828849C8200EA55D2 /* Enums.swift */,
				AC460ADA2884D5A200EA55D2 /* Util.swift */,
				ACE44E77288DB6B80058C647 /* Constant.swift */,
			);
			path = General;
			sourceTree = "<group>";
		};
		AC460ACA28849F3B00EA55D2 /* Home */ = {
			isa = PBXGroup;
			children = (
				AC460ACB28849F4700EA55D2 /* HomeVC.swift */,
				AC460ACC28849F4700EA55D2 /* HomeVC.xib */,
				AC460ACF2884C53400EA55D2 /* HomeCell.swift */,
				AC460AD02884C53400EA55D2 /* HomeCell.xib */,
			);
			path = Home;
			sourceTree = "<group>";
		};
		AC460AD32884D0D300EA55D2 /* Filter */ = {
			isa = PBXGroup;
			children = (
				AC460AD42884D0E500EA55D2 /* FilterVC.swift */,
				AC460AD52884D0E500EA55D2 /* FilterVC.xib */,
			);
			path = Filter;
			sourceTree = "<group>";
		};
		AC460ADE2884DFEB00EA55D2 /* Home Detail */ = {
			isa = PBXGroup;
			children = (
				AC460ADF2884DFFB00EA55D2 /* HomeDetailVC.swift */,
				AC460AE02884DFFB00EA55D2 /* HomeDetailVC.xib */,
			);
			path = "Home Detail";
			sourceTree = "<group>";
		};
		AC460AE328864C7700EA55D2 /* Settings */ = {
			isa = PBXGroup;
			children = (
				AC460AE428864C8900EA55D2 /* SettingsVC.swift */,
				AC460AE528864C8900EA55D2 /* SettingsVC.xib */,
				AC460AE828864DA400EA55D2 /* SettingsCell.swift */,
				AC460AE928864DA400EA55D2 /* SettingsCell.xib */,
			);
			path = Settings;
			sourceTree = "<group>";
		};
		AC460AEC2887B60500EA55D2 /* Change Password */ = {
			isa = PBXGroup;
			children = (
				AC460AED2887B61F00EA55D2 /* ChangePasswordVC.swift */,
				AC460AEE2887B61F00EA55D2 /* ChangePasswordVC.xib */,
			);
			path = "Change Password";
			sourceTree = "<group>";
		};
		AC460AF12887BBD900EA55D2 /* Add Item */ = {
			isa = PBXGroup;
			children = (
				AC460AF22887BBEB00EA55D2 /* AddItemVC.swift */,
				AC460AF32887BBEB00EA55D2 /* AddItemVC.xib */,
			);
			path = "Add Item";
			sourceTree = "<group>";
		};
		AC55D3B228821C20000CF810 = {
			isa = PBXGroup;
			children = (
				AC55D3BD28821C20000CF810 /* MyBills */,
				AC55D3BC28821C20000CF810 /* Products */,
				B19059408714949D4EECD500 /* Pods */,
				D2633C131E49D29035D7E341 /* Frameworks */,
			);
			sourceTree = "<group>";
		};
		AC55D3BC28821C20000CF810 /* Products */ = {
			isa = PBXGroup;
			children = (
				AC55D3BB28821C20000CF810 /* MyBills.app */,
			);
			name = Products;
			sourceTree = "<group>";
		};
		AC55D3BD28821C20000CF810 /* MyBills */ = {
			isa = PBXGroup;
			children = (
				AC55D3D928846EAC000CF810 /* Utility */,
				AC55D3D228846BC7000CF810 /* Modules */,
				AC55D3BE28821C20000CF810 /* AppDelegate.swift */,
				AC55D3C028821C20000CF810 /* SceneDelegate.swift */,
				AC55D3C228821C20000CF810 /* ViewController.swift */,
				AC55D3C428821C20000CF810 /* Main.storyboard */,
				AC55D3C728821C23000CF810 /* Assets.xcassets */,
				AC55D3C928821C23000CF810 /* LaunchScreen.storyboard */,
				AC55D3CC28821C23000CF810 /* Info.plist */,
				AC14F74C288DB4D80092D285 /* GoogleService-Info.plist */,
			);
			path = MyBills;
			sourceTree = "<group>";
		};
		AC55D3D228846BC7000CF810 /* Modules */ = {
			isa = PBXGroup;
			children = (
				ACB11303288DF75700216B0C /* Category */,
				ACA3DEA728892A72008FD96B /* Expiry Alert */,
				AC460AF12887BBD900EA55D2 /* Add Item */,
				AC460AEC2887B60500EA55D2 /* Change Password */,
				AC460AE328864C7700EA55D2 /* Settings */,
				AC460ADE2884DFEB00EA55D2 /* Home Detail */,
				AC460AD32884D0D300EA55D2 /* Filter */,
				AC460ACA28849F3B00EA55D2 /* Home */,
				AC460AC428848F7A00EA55D2 /* Base */,
				AC460AC12884869100EA55D2 /* Signup */,
				AC55D3D628846CFA000CF810 /* Login */,
			);
			path = Modules;
			sourceTree = "<group>";
		};
		AC55D3D628846CFA000CF810 /* Login */ = {
			isa = PBXGroup;
			children = (
				AC55D3D728846D10000CF810 /* LoginVC.swift */,
			);
			path = Login;
			sourceTree = "<group>";
		};
		AC55D3D928846EAC000CF810 /* Utility */ = {
			isa = PBXGroup;
			children = (
				ACE44E79288DB7040058C647 /* Helpers */,
				ACAC1F09288913A3003F81C8 /* Library */,
				AC460AC728849C7700EA55D2 /* General */,
				AC55D40928847901000CF810 /* Localize */,
				AC55D40428847770000CF810 /* Color */,
				AC55D3DD288473BA000CF810 /* Fonts */,
				AC55D3DA28846EC9000CF810 /* Extensions */,
			);
			path = Utility;
			sourceTree = "<group>";
		};
		AC55D3DA28846EC9000CF810 /* Extensions */ = {
			isa = PBXGroup;
			children = (
				AC55D3DB28846EE1000CF810 /* MyTextfield.swift */,
				AC55D3E228847533000CF810 /* MyFont.swift */,
				AC55D40F28847967000CF810 /* MyString.swift */,
				AC55D411288479FB000CF810 /* MyButton.swift */,
				AC460AC228848A5B00EA55D2 /* MyLabel.swift */,
				AC460ADC2884DA7F00EA55D2 /* MyDate.swift */,
				AC14F74E288DB55C0092D285 /* MyViewController.swift */,
			);
			path = Extensions;
			sourceTree = "<group>";
		};
		AC55D3DD288473BA000CF810 /* Fonts */ = {
			isa = PBXGroup;
			children = (
				AC55D3F32884758D000CF810 /* Poppins-BlackItalic.ttf */,
				AC55D3F12884758D000CF810 /* Poppins-BoldItalic.ttf */,
				AC55D3E72884758D000CF810 /* Poppins-ExtraBold.ttf */,
				AC55D3E52884758D000CF810 /* Poppins-ExtraBoldItalic.ttf */,
				AC55D3EF2884758D000CF810 /* Poppins-ExtraLight.ttf */,
				AC55D3EB2884758D000CF810 /* Poppins-ExtraLightItalic.ttf */,
				AC55D3E42884758D000CF810 /* Poppins-Italic.ttf */,
				AC55D3F02884758D000CF810 /* Poppins-Light.ttf */,
				AC55D3EA2884758D000CF810 /* Poppins-LightItalic.ttf */,
				AC55D3E92884758D000CF810 /* Poppins-Medium.ttf */,
				AC55D3E82884758D000CF810 /* Poppins-MediumItalic.ttf */,
				AC55D3E62884758D000CF810 /* Poppins-Regular.ttf */,
				AC55D3EC2884758D000CF810 /* Poppins-SemiBold.ttf */,
				AC55D3F22884758D000CF810 /* Poppins-SemiBoldItalic.ttf */,
				AC55D3ED2884758D000CF810 /* Poppins-Thin.ttf */,
				AC55D3EE2884758D000CF810 /* Poppins-ThinItalic.ttf */,
				AC55D3DE288473C9000CF810 /* Poppins-Black.ttf */,
				AC55D3E02884742E000CF810 /* Poppins-Bold.ttf */,
			);
			path = Fonts;
			sourceTree = "<group>";
		};
		AC55D40428847770000CF810 /* Color */ = {
			isa = PBXGroup;
			children = (
				AC55D4052884777C000CF810 /* ColorAssets.xcassets */,
				AC55D407288477F9000CF810 /* MyColor.swift */,
			);
			path = Color;
			sourceTree = "<group>";
		};
		AC55D40928847901000CF810 /* Localize */ = {
			isa = PBXGroup;
			children = (
				AC55D40E28847916000CF810 /* Localizable.strings */,
			);
			path = Localize;
			sourceTree = "<group>";
		};
		ACA3DEA728892A72008FD96B /* Expiry Alert */ = {
			isa = PBXGroup;
			children = (
				ACA3DEA828892A88008FD96B /* ExpiryAlertVC.swift */,
				ACA3DEA928892A88008FD96B /* ExpiryAlertVC.xib */,
			);
			path = "Expiry Alert";
			sourceTree = "<group>";
		};
		ACAC1F09288913A3003F81C8 /* Library */ = {
			isa = PBXGroup;
			children = (
			);
			path = Library;
			sourceTree = "<group>";
		};
		ACB11303288DF75700216B0C /* Category */ = {
			isa = PBXGroup;
			children = (
				ACB11304288DF76700216B0C /* CategoryVC.swift */,
				ACB11305288DF76700216B0C /* CategoryVC.xib */,
				ACB11308288DF89400216B0C /* CategoryCell.swift */,
				ACB11309288DF89400216B0C /* CategoryCell.xib */,
			);
			path = Category;
			sourceTree = "<group>";
		};
		ACE44E79288DB7040058C647 /* Helpers */ = {
			isa = PBXGroup;
			children = (
				ACE44E7A288DB73C0058C647 /* MyFirebaseAuth.swift */,
				AC6EF5F0288DC4BC0007491A /* MyFirebaseDataStore.swift */,
			);
			path = Helpers;
			sourceTree = "<group>";
		};
		B19059408714949D4EECD500 /* Pods */ = {
			isa = PBXGroup;
			children = (
				83A7E1ECA480BCDA4FCE559F /* Pods-MyBills.debug.xcconfig */,
				737DD5114A3261D822FD4270 /* Pods-MyBills.release.xcconfig */,
			);
			path = Pods;
			sourceTree = "<group>";
		};
		D2633C131E49D29035D7E341 /* Frameworks */ = {
			isa = PBXGroup;
			children = (
				F1602778314D15C3B8995073 /* Pods_MyBills.framework */,
			);
			name = Frameworks;
			sourceTree = "<group>";
		};
/* End PBXGroup section */

/* Begin PBXNativeTarget section */
		AC55D3BA28821C20000CF810 /* MyBills */ = {
			isa = PBXNativeTarget;
			buildConfigurationList = AC55D3CF28821C23000CF810 /* Build configuration list for PBXNativeTarget "MyBills" */;
			buildPhases = (
				4E9CC63424BCED46E99A185B /* [CP] Check Pods Manifest.lock */,
				AC55D3B728821C20000CF810 /* Sources */,
				AC55D3B828821C20000CF810 /* Frameworks */,
				AC55D3B928821C20000CF810 /* Resources */,
				2321AAA9D4EB05F340D308F7 /* [CP] Embed Pods Frameworks */,
			);
			buildRules = (
			);
			dependencies = (
			);
			name = MyBills;
			productName = MyBills;
			productReference = AC55D3BB28821C20000CF810 /* MyBills.app */;
			productType = "com.apple.product-type.application";
		};
/* End PBXNativeTarget section */

/* Begin PBXProject section */
		AC55D3B328821C20000CF810 /* Project object */ = {
			isa = PBXProject;
			attributes = {
				BuildIndependentTargetsInParallel = 1;
				LastSwiftUpdateCheck = 1340;
				LastUpgradeCheck = 1340;
				TargetAttributes = {
					AC55D3BA28821C20000CF810 = {
						CreatedOnToolsVersion = 13.4.1;
					};
				};
			};
			buildConfigurationList = AC55D3B628821C20000CF810 /* Build configuration list for PBXProject "MyBills" */;
			compatibilityVersion = "Xcode 13.0";
			developmentRegion = en;
			hasScannedForEncodings = 0;
			knownRegions = (
				en,
				Base,
			);
			mainGroup = AC55D3B228821C20000CF810;
			productRefGroup = AC55D3BC28821C20000CF810 /* Products */;
			projectDirPath = "";
			projectRoot = "";
			targets = (
				AC55D3BA28821C20000CF810 /* MyBills */,
			);
		};
/* End PBXProject section */

/* Begin PBXResourcesBuildPhase section */
		AC55D3B928821C20000CF810 /* Resources */ = {
			isa = PBXResourcesBuildPhase;
			buildActionMask = 2147483647;
			files = (
				AC460AE728864C8900EA55D2 /* SettingsVC.xib in Resources */,
				AC55D3F42884758D000CF810 /* Poppins-Italic.ttf in Resources */,
				AC55D4032884758D000CF810 /* Poppins-BlackItalic.ttf in Resources */,
				AC55D40C28847916000CF810 /* Localizable.strings in Resources */,
				AC55D4002884758D000CF810 /* Poppins-Light.ttf in Resources */,
				AC55D3FF2884758D000CF810 /* Poppins-ExtraLight.ttf in Resources */,
				ACB11307288DF76700216B0C /* CategoryVC.xib in Resources */,
				ACB1130B288DF89400216B0C /* CategoryCell.xib in Resources */,
				AC55D3FE2884758D000CF810 /* Poppins-ThinItalic.ttf in Resources */,
				AC460AD72884D0E500EA55D2 /* FilterVC.xib in Resources */,
				AC460AD22884C53400EA55D2 /* HomeCell.xib in Resources */,
				AC55D4012884758D000CF810 /* Poppins-BoldItalic.ttf in Resources */,
				AC55D4022884758D000CF810 /* Poppins-SemiBoldItalic.ttf in Resources */,
				AC55D3FC2884758D000CF810 /* Poppins-SemiBold.ttf in Resources */,
				AC55D3F72884758D000CF810 /* Poppins-ExtraBold.ttf in Resources */,
				AC55D3F92884758D000CF810 /* Poppins-Medium.ttf in Resources */,
				AC55D3DF288473C9000CF810 /* Poppins-Black.ttf in Resources */,
				AC460AF52887BBEB00EA55D2 /* AddItemVC.xib in Resources */,
				AC460AC0288480FD00EA55D2 /* SignUpVC.xib in Resources */,
				AC55D3CB28821C23000CF810 /* LaunchScreen.storyboard in Resources */,
				AC55D3F52884758D000CF810 /* Poppins-ExtraBoldItalic.ttf in Resources */,
				AC55D3E12884742E000CF810 /* Poppins-Bold.ttf in Resources */,
				AC460AE22884DFFB00EA55D2 /* HomeDetailVC.xib in Resources */,
				AC460AF02887B61F00EA55D2 /* ChangePasswordVC.xib in Resources */,
				AC55D3FA2884758D000CF810 /* Poppins-LightItalic.ttf in Resources */,
				AC55D3FD2884758D000CF810 /* Poppins-Thin.ttf in Resources */,
				AC55D3FB2884758D000CF810 /* Poppins-ExtraLightItalic.ttf in Resources */,
				AC55D3C828821C23000CF810 /* Assets.xcassets in Resources */,
				AC460AEB28864DA400EA55D2 /* SettingsCell.xib in Resources */,
				AC55D4062884777C000CF810 /* ColorAssets.xcassets in Resources */,
				AC55D3C628821C20000CF810 /* Main.storyboard in Resources */,
				AC14F74D288DB4D80092D285 /* GoogleService-Info.plist in Resources */,
				AC460ACE28849F4700EA55D2 /* HomeVC.xib in Resources */,
				AC55D3F62884758D000CF810 /* Poppins-Regular.ttf in Resources */,
				AC55D3F82884758D000CF810 /* Poppins-MediumItalic.ttf in Resources */,
				ACA3DEAB28892A88008FD96B /* ExpiryAlertVC.xib in Resources */,
			);
			runOnlyForDeploymentPostprocessing = 0;
		};
/* End PBXResourcesBuildPhase section */

/* Begin PBXShellScriptBuildPhase section */
		2321AAA9D4EB05F340D308F7 /* [CP] Embed Pods Frameworks */ = {
			isa = PBXShellScriptBuildPhase;
			buildActionMask = 2147483647;
			files = (
			);
			inputFileListPaths = (
				"${PODS_ROOT}/Target Support Files/Pods-MyBills/Pods-MyBills-frameworks-${CONFIGURATION}-input-files.xcfilelist",
			);
			name = "[CP] Embed Pods Frameworks";
			outputFileListPaths = (
				"${PODS_ROOT}/Target Support Files/Pods-MyBills/Pods-MyBills-frameworks-${CONFIGURATION}-output-files.xcfilelist",
			);
			runOnlyForDeploymentPostprocessing = 0;
			shellPath = /bin/sh;
			shellScript = "\"${PODS_ROOT}/Target Support Files/Pods-MyBills/Pods-MyBills-frameworks.sh\"\n";
			showEnvVarsInLog = 0;
		};
		4E9CC63424BCED46E99A185B /* [CP] Check Pods Manifest.lock */ = {
			isa = PBXShellScriptBuildPhase;
			buildActionMask = 2147483647;
			files = (
			);
			inputFileListPaths = (
			);
			inputPaths = (
				"${PODS_PODFILE_DIR_PATH}/Podfile.lock",
				"${PODS_ROOT}/Manifest.lock",
			);
			name = "[CP] Check Pods Manifest.lock";
			outputFileListPaths = (
			);
			outputPaths = (
				"$(DERIVED_FILE_DIR)/Pods-MyBills-checkManifestLockResult.txt",
			);
			runOnlyForDeploymentPostprocessing = 0;
			shellPath = /bin/sh;
			shellScript = "diff \"${PODS_PODFILE_DIR_PATH}/Podfile.lock\" \"${PODS_ROOT}/Manifest.lock\" > /dev/null\nif [ $? != 0 ] ; then\n    # print error to STDERR\n    echo \"error: The sandbox is not in sync with the Podfile.lock. Run 'pod install' or update your CocoaPods installation.\" >&2\n    exit 1\nfi\n# This output is used by Xcode 'outputs' to avoid re-running this script phase.\necho \"SUCCESS\" > \"${SCRIPT_OUTPUT_FILE_0}\"\n";
			showEnvVarsInLog = 0;
		};
/* End PBXShellScriptBuildPhase section */

/* Begin PBXSourcesBuildPhase section */
		AC55D3B728821C20000CF810 /* Sources */ = {
			isa = PBXSourcesBuildPhase;
			buildActionMask = 2147483647;
			files = (
				ACB11306288DF76700216B0C /* CategoryVC.swift in Sources */,
				AC55D3C328821C20000CF810 /* ViewController.swift in Sources */,
				AC460ADB2884D5A200EA55D2 /* Util.swift in Sources */,
				AC460ACD28849F4700EA55D2 /* HomeVC.swift in Sources */,
				ACB1130A288DF89400216B0C /* CategoryCell.swift in Sources */,
				AC460ADD2884DA7F00EA55D2 /* MyDate.swift in Sources */,
				AC55D3BF28821C20000CF810 /* AppDelegate.swift in Sources */,
				AC55D3D828846D10000CF810 /* LoginVC.swift in Sources */,
				AC460AD12884C53400EA55D2 /* HomeCell.swift in Sources */,
				AC55D408288477F9000CF810 /* MyColor.swift in Sources */,
				AC55D3C128821C20000CF810 /* SceneDelegate.swift in Sources */,
				AC55D412288479FB000CF810 /* MyButton.swift in Sources */,
				ACE44E7B288DB73C0058C647 /* MyFirebaseAuth.swift in Sources */,
				AC14F74F288DB55C0092D285 /* MyViewController.swift in Sources */,
				AC460AEA28864DA400EA55D2 /* SettingsCell.swift in Sources */,
				AC460AE12884DFFB00EA55D2 /* HomeDetailVC.swift in Sources */,
				AC460AD62884D0E500EA55D2 /* FilterVC.swift in Sources */,
				AC55D3E328847533000CF810 /* MyFont.swift in Sources */,
				ACA3DEAA28892A88008FD96B /* ExpiryAlertVC.swift in Sources */,
				AC460AEF2887B61F00EA55D2 /* ChangePasswordVC.swift in Sources */,
				AC460AC928849C8200EA55D2 /* Enums.swift in Sources */,
				AC460AC628848F8800EA55D2 /* BaseVC.swift in Sources */,
				AC460AD92884D4C900EA55D2 /* DatePickerViewController.swift in Sources */,
				ACE44E78288DB6B80058C647 /* Constant.swift in Sources */,
				AC55D41028847967000CF810 /* MyString.swift in Sources */,
				AC460AF42887BBEB00EA55D2 /* AddItemVC.swift in Sources */,
				AC460ABF288480FD00EA55D2 /* SignUpVC.swift in Sources */,
				AC55D3DC28846EE1000CF810 /* MyTextfield.swift in Sources */,
				AC460AC328848A5B00EA55D2 /* MyLabel.swift in Sources */,
				AC6EF5F1288DC4BC0007491A /* MyFirebaseDataStore.swift in Sources */,
				AC460AE628864C8900EA55D2 /* SettingsVC.swift in Sources */,
			);
			runOnlyForDeploymentPostprocessing = 0;
		};
/* End PBXSourcesBuildPhase section */

/* Begin PBXVariantGroup section */
		AC55D3C428821C20000CF810 /* Main.storyboard */ = {
			isa = PBXVariantGroup;
			children = (
				AC55D3C528821C20000CF810 /* Base */,
			);
			name = Main.storyboard;
			sourceTree = "<group>";
		};
		AC55D3C928821C23000CF810 /* LaunchScreen.storyboard */ = {
			isa = PBXVariantGroup;
			children = (
				AC55D3CA28821C23000CF810 /* Base */,
			);
			name = LaunchScreen.storyboard;
			sourceTree = "<group>";
		};
		AC55D40E28847916000CF810 /* Localizable.strings */ = {
			isa = PBXVariantGroup;
			children = (
				AC55D40D28847916000CF810 /* en */,
			);
			name = Localizable.strings;
			sourceTree = "<group>";
		};
/* End PBXVariantGroup section */

/* Begin XCBuildConfiguration section */
		AC55D3CD28821C23000CF810 /* Debug */ = {
			isa = XCBuildConfiguration;
			buildSettings = {
				ALWAYS_SEARCH_USER_PATHS = NO;
				CLANG_ANALYZER_NONNULL = YES;
				CLANG_ANALYZER_NUMBER_OBJECT_CONVERSION = YES_AGGRESSIVE;
				CLANG_CXX_LANGUAGE_STANDARD = "gnu++17";
				CLANG_ENABLE_MODULES = YES;
				CLANG_ENABLE_OBJC_ARC = YES;
				CLANG_ENABLE_OBJC_WEAK = YES;
				CLANG_WARN_BLOCK_CAPTURE_AUTORELEASING = YES;
				CLANG_WARN_BOOL_CONVERSION = YES;
				CLANG_WARN_COMMA = YES;
				CLANG_WARN_CONSTANT_CONVERSION = YES;
				CLANG_WARN_DEPRECATED_OBJC_IMPLEMENTATIONS = YES;
				CLANG_WARN_DIRECT_OBJC_ISA_USAGE = YES_ERROR;
				CLANG_WARN_DOCUMENTATION_COMMENTS = YES;
				CLANG_WARN_EMPTY_BODY = YES;
				CLANG_WARN_ENUM_CONVERSION = YES;
				CLANG_WARN_INFINITE_RECURSION = YES;
				CLANG_WARN_INT_CONVERSION = YES;
				CLANG_WARN_NON_LITERAL_NULL_CONVERSION = YES;
				CLANG_WARN_OBJC_IMPLICIT_RETAIN_SELF = YES;
				CLANG_WARN_OBJC_LITERAL_CONVERSION = YES;
				CLANG_WARN_OBJC_ROOT_CLASS = YES_ERROR;
				CLANG_WARN_QUOTED_INCLUDE_IN_FRAMEWORK_HEADER = YES;
				CLANG_WARN_RANGE_LOOP_ANALYSIS = YES;
				CLANG_WARN_STRICT_PROTOTYPES = YES;
				CLANG_WARN_SUSPICIOUS_MOVE = YES;
				CLANG_WARN_UNGUARDED_AVAILABILITY = YES_AGGRESSIVE;
				CLANG_WARN_UNREACHABLE_CODE = YES;
				CLANG_WARN__DUPLICATE_METHOD_MATCH = YES;
				COPY_PHASE_STRIP = NO;
				DEBUG_INFORMATION_FORMAT = dwarf;
				ENABLE_STRICT_OBJC_MSGSEND = YES;
				ENABLE_TESTABILITY = YES;
				GCC_C_LANGUAGE_STANDARD = gnu11;
				GCC_DYNAMIC_NO_PIC = NO;
				GCC_NO_COMMON_BLOCKS = YES;
				GCC_OPTIMIZATION_LEVEL = 0;
				GCC_PREPROCESSOR_DEFINITIONS = (
					"DEBUG=1",
					"$(inherited)",
				);
				GCC_WARN_64_TO_32_BIT_CONVERSION = YES;
				GCC_WARN_ABOUT_RETURN_TYPE = YES_ERROR;
				GCC_WARN_UNDECLARED_SELECTOR = YES;
				GCC_WARN_UNINITIALIZED_AUTOS = YES_AGGRESSIVE;
				GCC_WARN_UNUSED_FUNCTION = YES;
				GCC_WARN_UNUSED_VARIABLE = YES;
				IPHONEOS_DEPLOYMENT_TARGET = 14.0;
				MTL_ENABLE_DEBUG_INFO = INCLUDE_SOURCE;
				MTL_FAST_MATH = YES;
				ONLY_ACTIVE_ARCH = YES;
				SDKROOT = iphoneos;
				SWIFT_ACTIVE_COMPILATION_CONDITIONS = DEBUG;
				SWIFT_OPTIMIZATION_LEVEL = "-Onone";
			};
			name = Debug;
		};
		AC55D3CE28821C23000CF810 /* Release */ = {
			isa = XCBuildConfiguration;
			buildSettings = {
				ALWAYS_SEARCH_USER_PATHS = NO;
				CLANG_ANALYZER_NONNULL = YES;
				CLANG_ANALYZER_NUMBER_OBJECT_CONVERSION = YES_AGGRESSIVE;
				CLANG_CXX_LANGUAGE_STANDARD = "gnu++17";
				CLANG_ENABLE_MODULES = YES;
				CLANG_ENABLE_OBJC_ARC = YES;
				CLANG_ENABLE_OBJC_WEAK = YES;
				CLANG_WARN_BLOCK_CAPTURE_AUTORELEASING = YES;
				CLANG_WARN_BOOL_CONVERSION = YES;
				CLANG_WARN_COMMA = YES;
				CLANG_WARN_CONSTANT_CONVERSION = YES;
				CLANG_WARN_DEPRECATED_OBJC_IMPLEMENTATIONS = YES;
				CLANG_WARN_DIRECT_OBJC_ISA_USAGE = YES_ERROR;
				CLANG_WARN_DOCUMENTATION_COMMENTS = YES;
				CLANG_WARN_EMPTY_BODY = YES;
				CLANG_WARN_ENUM_CONVERSION = YES;
				CLANG_WARN_INFINITE_RECURSION = YES;
				CLANG_WARN_INT_CONVERSION = YES;
				CLANG_WARN_NON_LITERAL_NULL_CONVERSION = YES;
				CLANG_WARN_OBJC_IMPLICIT_RETAIN_SELF = YES;
				CLANG_WARN_OBJC_LITERAL_CONVERSION = YES;
				CLANG_WARN_OBJC_ROOT_CLASS = YES_ERROR;
				CLANG_WARN_QUOTED_INCLUDE_IN_FRAMEWORK_HEADER = YES;
				CLANG_WARN_RANGE_LOOP_ANALYSIS = YES;
				CLANG_WARN_STRICT_PROTOTYPES = YES;
				CLANG_WARN_SUSPICIOUS_MOVE = YES;
				CLANG_WARN_UNGUARDED_AVAILABILITY = YES_AGGRESSIVE;
				CLANG_WARN_UNREACHABLE_CODE = YES;
				CLANG_WARN__DUPLICATE_METHOD_MATCH = YES;
				COPY_PHASE_STRIP = NO;
				DEBUG_INFORMATION_FORMAT = "dwarf-with-dsym";
				ENABLE_NS_ASSERTIONS = NO;
				ENABLE_STRICT_OBJC_MSGSEND = YES;
				GCC_C_LANGUAGE_STANDARD = gnu11;
				GCC_NO_COMMON_BLOCKS = YES;
				GCC_WARN_64_TO_32_BIT_CONVERSION = YES;
				GCC_WARN_ABOUT_RETURN_TYPE = YES_ERROR;
				GCC_WARN_UNDECLARED_SELECTOR = YES;
				GCC_WARN_UNINITIALIZED_AUTOS = YES_AGGRESSIVE;
				GCC_WARN_UNUSED_FUNCTION = YES;
				GCC_WARN_UNUSED_VARIABLE = YES;
				IPHONEOS_DEPLOYMENT_TARGET = 14.0;
				MTL_ENABLE_DEBUG_INFO = NO;
				MTL_FAST_MATH = YES;
				SDKROOT = iphoneos;
				SWIFT_COMPILATION_MODE = wholemodule;
				SWIFT_OPTIMIZATION_LEVEL = "-O";
				VALIDATE_PRODUCT = YES;
			};
			name = Release;
		};
		AC55D3D028821C23000CF810 /* Debug */ = {
			isa = XCBuildConfiguration;
			baseConfigurationReference = 83A7E1ECA480BCDA4FCE559F /* Pods-MyBills.debug.xcconfig */;
			buildSettings = {
				ASSETCATALOG_COMPILER_APPICON_NAME = AppIcon;
				ASSETCATALOG_COMPILER_GLOBAL_ACCENT_COLOR_NAME = AccentColor;
				CODE_SIGN_STYLE = Automatic;
				CURRENT_PROJECT_VERSION = 1;
				GENERATE_INFOPLIST_FILE = YES;
				INFOPLIST_FILE = MyBills/Info.plist;
				INFOPLIST_KEY_UIApplicationSupportsIndirectInputEvents = YES;
				INFOPLIST_KEY_UILaunchStoryboardName = LaunchScreen;
				INFOPLIST_KEY_UIMainStoryboardFile = Main;
				INFOPLIST_KEY_UISupportedInterfaceOrientations_iPad = "UIInterfaceOrientationPortrait UIInterfaceOrientationPortraitUpsideDown UIInterfaceOrientationLandscapeLeft UIInterfaceOrientationLandscapeRight";
				INFOPLIST_KEY_UISupportedInterfaceOrientations_iPhone = "UIInterfaceOrientationPortrait UIInterfaceOrientationLandscapeLeft UIInterfaceOrientationLandscapeRight";
				IPHONEOS_DEPLOYMENT_TARGET = 13.0;
				LD_RUNPATH_SEARCH_PATHS = (
					"$(inherited)",
					"@executable_path/Frameworks",
				);
				MARKETING_VERSION = 1.0;
				PRODUCT_BUNDLE_IDENTIFIER = test.firebasesignupauth;
				PRODUCT_NAME = "$(TARGET_NAME)";
				SWIFT_EMIT_LOC_STRINGS = YES;
				SWIFT_VERSION = 5.0;
				TARGETED_DEVICE_FAMILY = 1;
			};
			name = Debug;
		};
		AC55D3D128821C23000CF810 /* Release */ = {
			isa = XCBuildConfiguration;
			baseConfigurationReference = 737DD5114A3261D822FD4270 /* Pods-MyBills.release.xcconfig */;
			buildSettings = {
				ASSETCATALOG_COMPILER_APPICON_NAME = AppIcon;
				ASSETCATALOG_COMPILER_GLOBAL_ACCENT_COLOR_NAME = AccentColor;
				CODE_SIGN_STYLE = Automatic;
				CURRENT_PROJECT_VERSION = 1;
				GENERATE_INFOPLIST_FILE = YES;
				INFOPLIST_FILE = MyBills/Info.plist;
				INFOPLIST_KEY_UIApplicationSupportsIndirectInputEvents = YES;
				INFOPLIST_KEY_UILaunchStoryboardName = LaunchScreen;
				INFOPLIST_KEY_UIMainStoryboardFile = Main;
				INFOPLIST_KEY_UISupportedInterfaceOrientations_iPad = "UIInterfaceOrientationPortrait UIInterfaceOrientationPortraitUpsideDown UIInterfaceOrientationLandscapeLeft UIInterfaceOrientationLandscapeRight";
				INFOPLIST_KEY_UISupportedInterfaceOrientations_iPhone = "UIInterfaceOrientationPortrait UIInterfaceOrientationLandscapeLeft UIInterfaceOrientationLandscapeRight";
				IPHONEOS_DEPLOYMENT_TARGET = 13.0;
				LD_RUNPATH_SEARCH_PATHS = (
					"$(inherited)",
					"@executable_path/Frameworks",
				);
				MARKETING_VERSION = 1.0;
				PRODUCT_BUNDLE_IDENTIFIER = test.firebasesignupauth;
				PRODUCT_NAME = "$(TARGET_NAME)";
				SWIFT_EMIT_LOC_STRINGS = YES;
				SWIFT_VERSION = 5.0;
				TARGETED_DEVICE_FAMILY = 1;
			};
			name = Release;
		};
/* End XCBuildConfiguration section */

/* Begin XCConfigurationList section */
		AC55D3B628821C20000CF810 /* Build configuration list for PBXProject "MyBills" */ = {
			isa = XCConfigurationList;
			buildConfigurations = (
				AC55D3CD28821C23000CF810 /* Debug */,
				AC55D3CE28821C23000CF810 /* Release */,
			);
			defaultConfigurationIsVisible = 0;
			defaultConfigurationName = Release;
		};
		AC55D3CF28821C23000CF810 /* Build configuration list for PBXNativeTarget "MyBills" */ = {
			isa = XCConfigurationList;
			buildConfigurations = (
				AC55D3D028821C23000CF810 /* Debug */,
				AC55D3D128821C23000CF810 /* Release */,
			);
			defaultConfigurationIsVisible = 0;
			defaultConfigurationName = Release;
		};
/* End XCConfigurationList section */
	};
	rootObject = AC55D3B328821C20000CF810 /* Project object */;
}
